
Microsoft Visual Studio Solution File, Format Version 12.00
# Visual Studio Version 16
VisualStudioVersion = 16.0.33920.266
MinimumVisualStudioVersion = 10.0.40219.1
Project("{FAE04EC0-301F-11D3-BF4B-00C04F79EFBC}") = "Clave3_Grupo4", "Clave3_Grupo4.csproj", "{FA6BD479-C03B-4883-929D-4E9C75576351}"
EndProject
Global
	GlobalSection(SolutionConfigurationPlatforms) = preSolution
		Debug|Any CPU = Debug|Any CPU
		Release|Any CPU = Release|Any CPU
	EndGlobalSection
	GlobalSection(ProjectConfigurationPlatforms) = postSolution
		{FA6BD479-C03B-4883-929D-4E9C75576351}.Debug|Any CPU.ActiveCfg = Debug|Any CPU
		{FA6BD479-C03B-4883-929D-4E9C75576351}.Debug|Any CPU.Build.0 = Debug|Any CPU
		{FA6BD479-C03B-4883-929D-4E9C75576351}.Release|Any CPU.ActiveCfg = Release|Any CPU
		{FA6BD479-C03B-4883-929D-4E9C75576351}.Release|Any CPU.Build.0 = Release|Any CPU
	EndGlobalSection
	GlobalSection(SolutionProperties) = preSolution
		HideSolutionNode = FALSE
	EndGlobalSection
	GlobalSection(ExtensibilityGlobals) = postSolution
		SolutionGuid = {E7E73922-8D51-4301-85F1-7CCCE2040298}
	EndGlobalSection
EndGlobal
